
Microsoft Visual Studio Solution File, Format Version 12.00
# Visual Studio Version 17
VisualStudioVersion = 17.8.34330.188
MinimumVisualStudioVersion = 10.0.40219.1
Project("{FAE04EC0-301F-11D3-BF4B-00C04F79EFBC}") = "InMemory", "InMemory\InMemory.csproj", "{C81E8EA0-4D91-48F5-BD42-BF64BB98B2B8}"
EndProject
Project("{FAE04EC0-301F-11D3-BF4B-00C04F79EFBC}") = "RedisCaching", "RedisCaching\RedisCaching.csproj", "{28564FED-4212-4702-8A09-DF89321723C9}"
EndProject
Project("{FAE04EC0-301F-11D3-BF4B-00C04F79EFBC}") = "RedisPublisher", "RedisPubSubExample\RedisPublisher.csproj", "{063451CB-6A1E-45D3-9AF3-B288829AF097}"
EndProject
Project("{FAE04EC0-301F-11D3-BF4B-00C04F79EFBC}") = "RedisSubscriber", "RedisSubscriber\RedisSubscriber.csproj", "{6FF07C2D-67AB-4BC9-9513-8B661C001382}"
EndProject
Global
	GlobalSection(SolutionConfigurationPlatforms) = preSolution
		Debug|Any CPU = Debug|Any CPU
		Release|Any CPU = Release|Any CPU
	EndGlobalSection
	GlobalSection(ProjectConfigurationPlatforms) = postSolution
		{C81E8EA0-4D91-48F5-BD42-BF64BB98B2B8}.Debug|Any CPU.ActiveCfg = Debug|Any CPU
		{C81E8EA0-4D91-48F5-BD42-BF64BB98B2B8}.Debug|Any CPU.Build.0 = Debug|Any CPU
		{C81E8EA0-4D91-48F5-BD42-BF64BB98B2B8}.Release|Any CPU.ActiveCfg = Release|Any CPU
		{C81E8EA0-4D91-48F5-BD42-BF64BB98B2B8}.Release|Any CPU.Build.0 = Release|Any CPU
		{28564FED-4212-4702-8A09-DF89321723C9}.Debug|Any CPU.ActiveCfg = Debug|Any CPU
		{28564FED-4212-4702-8A09-DF89321723C9}.Debug|Any CPU.Build.0 = Debug|Any CPU
		{28564FED-4212-4702-8A09-DF89321723C9}.Release|Any CPU.ActiveCfg = Release|Any CPU
		{28564FED-4212-4702-8A09-DF89321723C9}.Release|Any CPU.Build.0 = Release|Any CPU
		{063451CB-6A1E-45D3-9AF3-B288829AF097}.Debug|Any CPU.ActiveCfg = Debug|Any CPU
		{063451CB-6A1E-45D3-9AF3-B288829AF097}.Debug|Any CPU.Build.0 = Debug|Any CPU
		{063451CB-6A1E-45D3-9AF3-B288829AF097}.Release|Any CPU.ActiveCfg = Release|Any CPU
		{063451CB-6A1E-45D3-9AF3-B288829AF097}.Release|Any CPU.Build.0 = Release|Any CPU
		{6FF07C2D-67AB-4BC9-9513-8B661C001382}.Debug|Any CPU.ActiveCfg = Debug|Any CPU
		{6FF07C2D-67AB-4BC9-9513-8B661C001382}.Debug|Any CPU.Build.0 = Debug|Any CPU
		{6FF07C2D-67AB-4BC9-9513-8B661C001382}.Release|Any CPU.ActiveCfg = Release|Any CPU
		{6FF07C2D-67AB-4BC9-9513-8B661C001382}.Release|Any CPU.Build.0 = Release|Any CPU
	EndGlobalSection
	GlobalSection(SolutionProperties) = preSolution
		HideSolutionNode = FALSE
	EndGlobalSection
	GlobalSection(ExtensibilityGlobals) = postSolution
		SolutionGuid = {5724301E-54D9-4B21-A8FE-FCCDA67DA22A}
	EndGlobalSection
EndGlobal
